
Microsoft Visual Studio Solution File, Format Version 12.00
# Visual Studio Version 17
VisualStudioVersion = 17.5.002.0
MinimumVisualStudioVersion = 10.0.40219.1
Project("{2150E333-8FDC-42A3-9474-1A3956D46DE8}") = "src", "src", "{EEB4E0F0-C427-4460-A375-3EAF31EEA7DD}"
EndProject
Project("{9A19103F-16F7-4668-BE54-9A1E7A4F7556}") = "GraphWebhooks", "src\GraphWebhooks\GraphWebhooks.csproj", "{740F73DD-1BFC-40B3-8A15-535CF16D2B4A}"
EndProject
Global
	GlobalSection(SolutionConfigurationPlatforms) = preSolution
		Debug|Any CPU = Debug|Any CPU
		Release|Any CPU = Release|Any CPU
	EndGlobalSection
	GlobalSection(ProjectConfigurationPlatforms) = postSolution
		{740F73DD-1BFC-40B3-8A15-535CF16D2B4A}.Debug|Any CPU.ActiveCfg = Debug|Any CPU
		{740F73DD-1BFC-40B3-8A15-535CF16D2B4A}.Debug|Any CPU.Build.0 = Debug|Any CPU
		{740F73DD-1BFC-40B3-8A15-535CF16D2B4A}.Release|Any CPU.ActiveCfg = Release|Any CPU
		{740F73DD-1BFC-40B3-8A15-535CF16D2B4A}.Release|Any CPU.Build.0 = Release|Any CPU
	EndGlobalSection
	GlobalSection(SolutionProperties) = preSolution
		HideSolutionNode = FALSE
	EndGlobalSection
	GlobalSection(NestedProjects) = preSolution
		{740F73DD-1BFC-40B3-8A15-535CF16D2B4A} = {EEB4E0F0-C427-4460-A375-3EAF31EEA7DD}
	EndGlobalSection
	GlobalSection(ExtensibilityGlobals) = postSolution
		SolutionGuid = {DC3C6A55-C64E-44B2-9A94-780EAB22EF9D}
	EndGlobalSection
EndGlobal
