
Microsoft Visual Studio Solution File, Format Version 12.00
# Visual Studio Version 16
VisualStudioVersion = 16.0.28606.126
MinimumVisualStudioVersion = 10.0.40219.1
Project("{2150E333-8FDC-42A3-9474-1A3956D46DE8}") = "src", "src", "{343D7E8F-E8EE-41D3-8AD3-DBE58842DD00}"
EndProject
Project("{2150E333-8FDC-42A3-9474-1A3956D46DE8}") = "Solution Items", "Solution Items", "{F414E8E9-C129-4407-9705-EAEAD0367603}"
	ProjectSection(SolutionItems) = preProject
		global.json = global.json
	EndProjectSection
EndProject
Project("{9A19103F-16F7-4668-BE54-9A1E7A4F7556}") = "GraphWebhooks-Core", "src\GraphWebhooks-Core\GraphWebhooks-Core.csproj", "{F8984AA5-E168-48C4-B52D-BF50226A55D9}"
EndProject
Global
	GlobalSection(SolutionConfigurationPlatforms) = preSolution
		Debug|Any CPU = Debug|Any CPU
		Release|Any CPU = Release|Any CPU
	EndGlobalSection
	GlobalSection(ProjectConfigurationPlatforms) = postSolution
		{F8984AA5-E168-48C4-B52D-BF50226A55D9}.Debug|Any CPU.ActiveCfg = Debug|Any CPU
		{F8984AA5-E168-48C4-B52D-BF50226A55D9}.Debug|Any CPU.Build.0 = Debug|Any CPU
		{F8984AA5-E168-48C4-B52D-BF50226A55D9}.Release|Any CPU.ActiveCfg = Release|Any CPU
		{F8984AA5-E168-48C4-B52D-BF50226A55D9}.Release|Any CPU.Build.0 = Release|Any CPU
	EndGlobalSection
	GlobalSection(SolutionProperties) = preSolution
		HideSolutionNode = FALSE
	EndGlobalSection
	GlobalSection(NestedProjects) = preSolution
		{F8984AA5-E168-48C4-B52D-BF50226A55D9} = {343D7E8F-E8EE-41D3-8AD3-DBE58842DD00}
	EndGlobalSection
	GlobalSection(ExtensibilityGlobals) = postSolution
		SolutionGuid = {8A96762F-3593-47A4-9C51-63AE0CE5A455}
	EndGlobalSection
EndGlobal
